
Microsoft Visual Studio Solution File, Format Version 12.00
# Visual Studio Version 16
VisualStudioVersion = 16.0.31019.194
MinimumVisualStudioVersion = 10.0.40219.1
Project("{2150E333-8FDC-42A3-9474-1A3956D46DE8}") = "src", "src", "{556AEFA5-8845-4285-B355-F8BB3F3A11EE}"
EndProject
Project("{2150E333-8FDC-42A3-9474-1A3956D46DE8}") = "test", "test", "{3E419990-8804-44AA-8787-AB4630802AF8}"
EndProject
Project("{2150E333-8FDC-42A3-9474-1A3956D46DE8}") = "microservices", "microservices", "{C018CA05-9E04-462F-A325-FAE2D5F74634}"
EndProject
Project("{2150E333-8FDC-42A3-9474-1A3956D46DE8}") = "users", "users", "{EFC0840B-343F-481D-BBA0-6C042349500D}"
EndProject
Project("{2150E333-8FDC-42A3-9474-1A3956D46DE8}") = "apigateway", "apigateway", "{5E70F8A2-AF32-4FD8-8CDE-A278C5289333}"
EndProject
Project("{9A19103F-16F7-4668-BE54-9A1E7A4F7556}") = "eShopLearning.Users", "src\microservices\users\eShopLearning.Users\eShopLearning.Users.csproj", "{667679A6-B036-4652-A75E-97344B1F0F76}"
EndProject
Project("{2150E333-8FDC-42A3-9474-1A3956D46DE8}") = "test", "test", "{7D2E53BE-5761-47DB-943E-F351DAE8A819}"
EndProject
Project("{9A19103F-16F7-4668-BE54-9A1E7A4F7556}") = "eShopLearning.UsersTesting", "src\microservices\users\test\eShopLearning.UsersTesting\eShopLearning.UsersTesting.csproj", "{E695A4D0-73E3-4A3E-92DC-F2E308012042}"
EndProject
Project("{9A19103F-16F7-4668-BE54-9A1E7A4F7556}") = "eShopLearning.IdentityAuth", "src\authServer\eShopLearning.IdentityAuth\eShopLearning.IdentityAuth.csproj", "{3A0B76B5-9375-4AB8-8506-13E8AA5EF869}"
EndProject
Project("{2150E333-8FDC-42A3-9474-1A3956D46DE8}") = "authDemo", "authDemo", "{3BE3014B-30D1-425D-8328-FFE733FF1568}"
EndProject
Project("{9A19103F-16F7-4668-BE54-9A1E7A4F7556}") = "ClientDemo", "src\authServer\authDemo\ClientDemo\ClientDemo.csproj", "{BCBA8330-F340-4F57-8783-7C1C261C9A92}"
EndProject
Project("{9A19103F-16F7-4668-BE54-9A1E7A4F7556}") = "ApiDemo", "src\authServer\authDemo\ApiDemo\ApiDemo.csproj", "{80A1BBC8-D933-46A1-B387-5CB513006771}"
EndProject
Project("{9A19103F-16F7-4668-BE54-9A1E7A4F7556}") = "ApiGatewayDemo", "src\authServer\authDemo\ApiGatewayDemo\ApiGatewayDemo.csproj", "{D45B44ED-CDB0-49B5-BF93-8D6497C45DD4}"
EndProject
Project("{2150E333-8FDC-42A3-9474-1A3956D46DE8}") = "cart", "cart", "{6D7E6C1F-61D8-4361-AA8D-DB850AD4E1B5}"
EndProject
Project("{9A19103F-16F7-4668-BE54-9A1E7A4F7556}") = "eShopLearning.Carts", "src\microservices\cart\eShopLearning.Carts\eShopLearning.Carts.csproj", "{22BA3CFF-D5DD-453A-9776-542506F42D3E}"
EndProject
Project("{2150E333-8FDC-42A3-9474-1A3956D46DE8}") = "test", "test", "{40EBD82C-C6A8-497F-AB21-AA3A64D13F42}"
EndProject
Project("{9A19103F-16F7-4668-BE54-9A1E7A4F7556}") = "eShopLearning.CartsTesting", "src\microservices\cart\test\eShopLearning.CartsTesting\eShopLearning.CartsTesting.csproj", "{160A3E37-C92A-4D11-8B69-8EEBD5F14F25}"
EndProject
Project("{2150E333-8FDC-42A3-9474-1A3956D46DE8}") = "product", "product", "{112F20F2-9290-49C8-BC3D-C964AA4ED0C0}"
EndProject
Project("{9A19103F-16F7-4668-BE54-9A1E7A4F7556}") = "eShopLearning.Products", "src\microservices\product\eShopLearning.Products\eShopLearning.Products.csproj", "{C7851659-3283-48D8-B825-67BE6FD766E5}"
EndProject
Project("{2150E333-8FDC-42A3-9474-1A3956D46DE8}") = "tool", "tool", "{4B3E9707-DDD9-49C2-B119-16D706F3A4CD}"
EndProject
Project("{9A19103F-16F7-4668-BE54-9A1E7A4F7556}") = "eShopLearning.JdDataAnalysis", "src\tool\eShopLearning.JdDataAnalysis\eShopLearning.JdDataAnalysis.csproj", "{FEA75A74-638C-4B8E-AB49-B77E24D01C23}"
EndProject
Project("{2150E333-8FDC-42A3-9474-1A3956D46DE8}") = "test", "test", "{188160D8-EF0B-4DC1-B907-F19F62014C6F}"
EndProject
Project("{9A19103F-16F7-4668-BE54-9A1E7A4F7556}") = "eShopLearning.ProductsTesting", "src\microservices\product\test\eShopLearning.ProductsTesting\eShopLearning.ProductsTesting.csproj", "{68950B42-DB5F-48B7-8B70-EF1B170D618C}"
EndProject
Project("{9A19103F-16F7-4668-BE54-9A1E7A4F7556}") = "eShopLearning.Common", "src\tool\eShopLearning.Common\eShopLearning.Common.csproj", "{CC7A1E57-4F37-4F16-A4C8-A9D02C4256A7}"
EndProject
Project("{9A19103F-16F7-4668-BE54-9A1E7A4F7556}") = "eShopLearning.WapAggregator", "src\apigateway\eShopLearning.WapAggregator\eShopLearning.WapAggregator.csproj", "{E86B4B82-B9EC-49DF-99A6-A495F64F56B7}"
EndProject
Project("{2150E333-8FDC-42A3-9474-1A3956D46DE8}") = "authServer", "authServer", "{FB900D6B-6969-4371-8877-6AB61A48A154}"
EndProject
Project("{2150E333-8FDC-42A3-9474-1A3956D46DE8}") = "aggregator", "aggregator", "{60A8A695-4F89-4846-9A98-571C8C04BCB8}"
EndProject
Project("{FAE04EC0-301F-11D3-BF4B-00C04F79EFBC}") = "eShopLearning.CartProductAggregator", "src\microservices\aggregator\eShopLearning.CartProductAggregator\eShopLearning.CartProductAggregator.csproj", "{7582CC39-E1CE-4B00-B64B-4E7487A4C31B}"
EndProject
Global
	GlobalSection(SolutionConfigurationPlatforms) = preSolution
		Debug|Any CPU = Debug|Any CPU
		Release|Any CPU = Release|Any CPU
	EndGlobalSection
	GlobalSection(ProjectConfigurationPlatforms) = postSolution
		{667679A6-B036-4652-A75E-97344B1F0F76}.Debug|Any CPU.ActiveCfg = Debug|Any CPU
		{667679A6-B036-4652-A75E-97344B1F0F76}.Debug|Any CPU.Build.0 = Debug|Any CPU
		{667679A6-B036-4652-A75E-97344B1F0F76}.Release|Any CPU.ActiveCfg = Release|Any CPU
		{667679A6-B036-4652-A75E-97344B1F0F76}.Release|Any CPU.Build.0 = Release|Any CPU
		{E695A4D0-73E3-4A3E-92DC-F2E308012042}.Debug|Any CPU.ActiveCfg = Debug|Any CPU
		{E695A4D0-73E3-4A3E-92DC-F2E308012042}.Debug|Any CPU.Build.0 = Debug|Any CPU
		{E695A4D0-73E3-4A3E-92DC-F2E308012042}.Release|Any CPU.ActiveCfg = Release|Any CPU
		{E695A4D0-73E3-4A3E-92DC-F2E308012042}.Release|Any CPU.Build.0 = Release|Any CPU
		{3A0B76B5-9375-4AB8-8506-13E8AA5EF869}.Debug|Any CPU.ActiveCfg = Debug|Any CPU
		{3A0B76B5-9375-4AB8-8506-13E8AA5EF869}.Debug|Any CPU.Build.0 = Debug|Any CPU
		{3A0B76B5-9375-4AB8-8506-13E8AA5EF869}.Release|Any CPU.ActiveCfg = Release|Any CPU
		{3A0B76B5-9375-4AB8-8506-13E8AA5EF869}.Release|Any CPU.Build.0 = Release|Any CPU
		{BCBA8330-F340-4F57-8783-7C1C261C9A92}.Debug|Any CPU.ActiveCfg = Debug|Any CPU
		{BCBA8330-F340-4F57-8783-7C1C261C9A92}.Debug|Any CPU.Build.0 = Debug|Any CPU
		{BCBA8330-F340-4F57-8783-7C1C261C9A92}.Release|Any CPU.ActiveCfg = Release|Any CPU
		{BCBA8330-F340-4F57-8783-7C1C261C9A92}.Release|Any CPU.Build.0 = Release|Any CPU
		{80A1BBC8-D933-46A1-B387-5CB513006771}.Debug|Any CPU.ActiveCfg = Debug|Any CPU
		{80A1BBC8-D933-46A1-B387-5CB513006771}.Debug|Any CPU.Build.0 = Debug|Any CPU
		{80A1BBC8-D933-46A1-B387-5CB513006771}.Release|Any CPU.ActiveCfg = Release|Any CPU
		{80A1BBC8-D933-46A1-B387-5CB513006771}.Release|Any CPU.Build.0 = Release|Any CPU
		{D45B44ED-CDB0-49B5-BF93-8D6497C45DD4}.Debug|Any CPU.ActiveCfg = Debug|Any CPU
		{D45B44ED-CDB0-49B5-BF93-8D6497C45DD4}.Debug|Any CPU.Build.0 = Debug|Any CPU
		{D45B44ED-CDB0-49B5-BF93-8D6497C45DD4}.Release|Any CPU.ActiveCfg = Release|Any CPU
		{D45B44ED-CDB0-49B5-BF93-8D6497C45DD4}.Release|Any CPU.Build.0 = Release|Any CPU
		{22BA3CFF-D5DD-453A-9776-542506F42D3E}.Debug|Any CPU.ActiveCfg = Debug|Any CPU
		{22BA3CFF-D5DD-453A-9776-542506F42D3E}.Debug|Any CPU.Build.0 = Debug|Any CPU
		{22BA3CFF-D5DD-453A-9776-542506F42D3E}.Release|Any CPU.ActiveCfg = Release|Any CPU
		{22BA3CFF-D5DD-453A-9776-542506F42D3E}.Release|Any CPU.Build.0 = Release|Any CPU
		{160A3E37-C92A-4D11-8B69-8EEBD5F14F25}.Debug|Any CPU.ActiveCfg = Debug|Any CPU
		{160A3E37-C92A-4D11-8B69-8EEBD5F14F25}.Debug|Any CPU.Build.0 = Debug|Any CPU
		{160A3E37-C92A-4D11-8B69-8EEBD5F14F25}.Release|Any CPU.ActiveCfg = Release|Any CPU
		{160A3E37-C92A-4D11-8B69-8EEBD5F14F25}.Release|Any CPU.Build.0 = Release|Any CPU
		{C7851659-3283-48D8-B825-67BE6FD766E5}.Debug|Any CPU.ActiveCfg = Debug|Any CPU
		{C7851659-3283-48D8-B825-67BE6FD766E5}.Debug|Any CPU.Build.0 = Debug|Any CPU
		{C7851659-3283-48D8-B825-67BE6FD766E5}.Release|Any CPU.ActiveCfg = Release|Any CPU
		{C7851659-3283-48D8-B825-67BE6FD766E5}.Release|Any CPU.Build.0 = Release|Any CPU
		{FEA75A74-638C-4B8E-AB49-B77E24D01C23}.Debug|Any CPU.ActiveCfg = Debug|Any CPU
		{FEA75A74-638C-4B8E-AB49-B77E24D01C23}.Debug|Any CPU.Build.0 = Debug|Any CPU
		{FEA75A74-638C-4B8E-AB49-B77E24D01C23}.Release|Any CPU.ActiveCfg = Release|Any CPU
		{FEA75A74-638C-4B8E-AB49-B77E24D01C23}.Release|Any CPU.Build.0 = Release|Any CPU
		{68950B42-DB5F-48B7-8B70-EF1B170D618C}.Debug|Any CPU.ActiveCfg = Debug|Any CPU
		{68950B42-DB5F-48B7-8B70-EF1B170D618C}.Debug|Any CPU.Build.0 = Debug|Any CPU
		{68950B42-DB5F-48B7-8B70-EF1B170D618C}.Release|Any CPU.ActiveCfg = Release|Any CPU
		{68950B42-DB5F-48B7-8B70-EF1B170D618C}.Release|Any CPU.Build.0 = Release|Any CPU
		{CC7A1E57-4F37-4F16-A4C8-A9D02C4256A7}.Debug|Any CPU.ActiveCfg = Debug|Any CPU
		{CC7A1E57-4F37-4F16-A4C8-A9D02C4256A7}.Debug|Any CPU.Build.0 = Debug|Any CPU
		{CC7A1E57-4F37-4F16-A4C8-A9D02C4256A7}.Release|Any CPU.ActiveCfg = Release|Any CPU
		{CC7A1E57-4F37-4F16-A4C8-A9D02C4256A7}.Release|Any CPU.Build.0 = Release|Any CPU
		{E86B4B82-B9EC-49DF-99A6-A495F64F56B7}.Debug|Any CPU.ActiveCfg = Debug|Any CPU
		{E86B4B82-B9EC-49DF-99A6-A495F64F56B7}.Debug|Any CPU.Build.0 = Debug|Any CPU
		{E86B4B82-B9EC-49DF-99A6-A495F64F56B7}.Release|Any CPU.ActiveCfg = Release|Any CPU
		{E86B4B82-B9EC-49DF-99A6-A495F64F56B7}.Release|Any CPU.Build.0 = Release|Any CPU
		{7582CC39-E1CE-4B00-B64B-4E7487A4C31B}.Debug|Any CPU.ActiveCfg = Debug|Any CPU
		{7582CC39-E1CE-4B00-B64B-4E7487A4C31B}.Debug|Any CPU.Build.0 = Debug|Any CPU
		{7582CC39-E1CE-4B00-B64B-4E7487A4C31B}.Release|Any CPU.ActiveCfg = Release|Any CPU
		{7582CC39-E1CE-4B00-B64B-4E7487A4C31B}.Release|Any CPU.Build.0 = Release|Any CPU
	EndGlobalSection
	GlobalSection(SolutionProperties) = preSolution
		HideSolutionNode = FALSE
	EndGlobalSection
	GlobalSection(NestedProjects) = preSolution
		{C018CA05-9E04-462F-A325-FAE2D5F74634} = {556AEFA5-8845-4285-B355-F8BB3F3A11EE}
		{EFC0840B-343F-481D-BBA0-6C042349500D} = {C018CA05-9E04-462F-A325-FAE2D5F74634}
		{5E70F8A2-AF32-4FD8-8CDE-A278C5289333} = {556AEFA5-8845-4285-B355-F8BB3F3A11EE}
		{667679A6-B036-4652-A75E-97344B1F0F76} = {EFC0840B-343F-481D-BBA0-6C042349500D}
		{7D2E53BE-5761-47DB-943E-F351DAE8A819} = {EFC0840B-343F-481D-BBA0-6C042349500D}
		{E695A4D0-73E3-4A3E-92DC-F2E308012042} = {7D2E53BE-5761-47DB-943E-F351DAE8A819}
		{3A0B76B5-9375-4AB8-8506-13E8AA5EF869} = {FB900D6B-6969-4371-8877-6AB61A48A154}
		{3BE3014B-30D1-425D-8328-FFE733FF1568} = {FB900D6B-6969-4371-8877-6AB61A48A154}
		{BCBA8330-F340-4F57-8783-7C1C261C9A92} = {3BE3014B-30D1-425D-8328-FFE733FF1568}
		{80A1BBC8-D933-46A1-B387-5CB513006771} = {3BE3014B-30D1-425D-8328-FFE733FF1568}
		{D45B44ED-CDB0-49B5-BF93-8D6497C45DD4} = {3BE3014B-30D1-425D-8328-FFE733FF1568}
		{6D7E6C1F-61D8-4361-AA8D-DB850AD4E1B5} = {C018CA05-9E04-462F-A325-FAE2D5F74634}
		{22BA3CFF-D5DD-453A-9776-542506F42D3E} = {6D7E6C1F-61D8-4361-AA8D-DB850AD4E1B5}
		{40EBD82C-C6A8-497F-AB21-AA3A64D13F42} = {6D7E6C1F-61D8-4361-AA8D-DB850AD4E1B5}
		{160A3E37-C92A-4D11-8B69-8EEBD5F14F25} = {40EBD82C-C6A8-497F-AB21-AA3A64D13F42}
		{112F20F2-9290-49C8-BC3D-C964AA4ED0C0} = {C018CA05-9E04-462F-A325-FAE2D5F74634}
		{C7851659-3283-48D8-B825-67BE6FD766E5} = {112F20F2-9290-49C8-BC3D-C964AA4ED0C0}
		{4B3E9707-DDD9-49C2-B119-16D706F3A4CD} = {556AEFA5-8845-4285-B355-F8BB3F3A11EE}
		{FEA75A74-638C-4B8E-AB49-B77E24D01C23} = {4B3E9707-DDD9-49C2-B119-16D706F3A4CD}
		{188160D8-EF0B-4DC1-B907-F19F62014C6F} = {112F20F2-9290-49C8-BC3D-C964AA4ED0C0}
		{68950B42-DB5F-48B7-8B70-EF1B170D618C} = {188160D8-EF0B-4DC1-B907-F19F62014C6F}
		{CC7A1E57-4F37-4F16-A4C8-A9D02C4256A7} = {4B3E9707-DDD9-49C2-B119-16D706F3A4CD}
		{E86B4B82-B9EC-49DF-99A6-A495F64F56B7} = {5E70F8A2-AF32-4FD8-8CDE-A278C5289333}
		{FB900D6B-6969-4371-8877-6AB61A48A154} = {556AEFA5-8845-4285-B355-F8BB3F3A11EE}
		{60A8A695-4F89-4846-9A98-571C8C04BCB8} = {C018CA05-9E04-462F-A325-FAE2D5F74634}
		{7582CC39-E1CE-4B00-B64B-4E7487A4C31B} = {60A8A695-4F89-4846-9A98-571C8C04BCB8}
	EndGlobalSection
	GlobalSection(ExtensibilityGlobals) = postSolution
		SolutionGuid = {D3249233-9B00-40A3-8B8E-4566F8A13CBD}
	EndGlobalSection
EndGlobal
